
Microsoft Visual Studio Solution File, Format Version 12.00
# Visual Studio 15
VisualStudioVersion = 15.0.28307.489
MinimumVisualStudioVersion = 10.0.40219.1
Project("{FAE04EC0-301F-11D3-BF4B-00C04F79EFBC}") = "SukhmanRaceing_Game", "SukhmanRaceing_Game\SukhmanRaceing_Game.csproj", "{D04CB5CE-966F-4B11-B4E3-8266B32ABD20}"
EndProject
Project("{FAE04EC0-301F-11D3-BF4B-00C04F79EFBC}") = "SukhmanRaceing_GameTests", "SukhmanRaceing_GameTests\SukhmanRaceing_GameTests.csproj", "{6F849609-CA1B-472F-9958-5BB9956B3940}"
EndProject
Global
	GlobalSection(SolutionConfigurationPlatforms) = preSolution
		Debug|Any CPU = Debug|Any CPU
		Release|Any CPU = Release|Any CPU
	EndGlobalSection
	GlobalSection(ProjectConfigurationPlatforms) = postSolution
		{D04CB5CE-966F-4B11-B4E3-8266B32ABD20}.Debug|Any CPU.ActiveCfg = Debug|Any CPU
		{D04CB5CE-966F-4B11-B4E3-8266B32ABD20}.Debug|Any CPU.Build.0 = Debug|Any CPU
		{D04CB5CE-966F-4B11-B4E3-8266B32ABD20}.Release|Any CPU.ActiveCfg = Release|Any CPU
		{D04CB5CE-966F-4B11-B4E3-8266B32ABD20}.Release|Any CPU.Build.0 = Release|Any CPU
		{6F849609-CA1B-472F-9958-5BB9956B3940}.Debug|Any CPU.ActiveCfg = Debug|Any CPU
		{6F849609-CA1B-472F-9958-5BB9956B3940}.Debug|Any CPU.Build.0 = Debug|Any CPU
		{6F849609-CA1B-472F-9958-5BB9956B3940}.Release|Any CPU.ActiveCfg = Release|Any CPU
		{6F849609-CA1B-472F-9958-5BB9956B3940}.Release|Any CPU.Build.0 = Release|Any CPU
	EndGlobalSection
	GlobalSection(SolutionProperties) = preSolution
		HideSolutionNode = FALSE
	EndGlobalSection
	GlobalSection(ExtensibilityGlobals) = postSolution
		SolutionGuid = {5D7EE3F0-30B2-41F5-962F-6C08E8F087B1}
	EndGlobalSection
EndGlobal
